// !$*UTF8*$!
{
	archiveVersion = 1;
	classes = {
	};
	objectVersion = 50;
	objects = {

/* Begin PBXBuildFile section */
		6392EDCC23F6757D00E7C252 /* AppDelegate.swift in Sources */ = {isa = PBXBuildFile; fileRef = 6392EDCB23F6757D00E7C252 /* AppDelegate.swift */; };
		6392EDCE23F6757D00E7C252 /* SceneDelegate.swift in Sources */ = {isa = PBXBuildFile; fileRef = 6392EDCD23F6757D00E7C252 /* SceneDelegate.swift */; };
		6392EDD023F6757D00E7C252 /* ViewController.swift in Sources */ = {isa = PBXBuildFile; fileRef = 6392EDCF23F6757D00E7C252 /* ViewController.swift */; };
		6392EDD323F6757D00E7C252 /* Main.storyboard in Resources */ = {isa = PBXBuildFile; fileRef = 6392EDD123F6757D00E7C252 /* Main.storyboard */; };
		6392EDD523F6757E00E7C252 /* Assets.xcassets in Resources */ = {isa = PBXBuildFile; fileRef = 6392EDD423F6757E00E7C252 /* Assets.xcassets */; };
		6392EDD823F6757E00E7C252 /* LaunchScreen.storyboard in Resources */ = {isa = PBXBuildFile; fileRef = 6392EDD623F6757E00E7C252 /* LaunchScreen.storyboard */; };
		6392EDE123F675A900E7C252 /* SwieeftSwitchButton.swift in Sources */ = {isa = PBXBuildFile; fileRef = 6392EDE023F675A900E7C252 /* SwieeftSwitchButton.swift */; };
/* End PBXBuildFile section */

/* Begin PBXFileReference section */
		6392EDC823F6757D00E7C252 /* SwieeftSwitch.app */ = {isa = PBXFileReference; explicitFileType = wrapper.application; includeInIndex = 0; path = SwieeftSwitch.app; sourceTree = BUILT_PRODUCTS_DIR; };
		6392EDCB23F6757D00E7C252 /* AppDelegate.swift */ = {isa = PBXFileReference; lastKnownFileType = sourcecode.swift; path = AppDelegate.swift; sourceTree = "<group>"; };
		6392EDCD23F6757D00E7C252 /* SceneDelegate.swift */ = {isa = PBXFileReference; lastKnownFileType = sourcecode.swift; path = SceneDelegate.swift; sourceTree = "<group>"; };
		6392EDCF23F6757D00E7C252 /* ViewController.swift */ = {isa = PBXFileReference; lastKnownFileType = sourcecode.swift; path = ViewController.swift; sourceTree = "<group>"; };
		6392EDD223F6757D00E7C252 /* Base */ = {isa = PBXFileReference; lastKnownFileType = file.storyboard; name = Base; path = Base.lproj/Main.storyboard; sourceTree = "<group>"; };
		6392EDD423F6757E00E7C252 /* Assets.xcassets */ = {isa = PBXFileReference; lastKnownFileType = folder.assetcatalog; path = Assets.xcassets; sourceTree = "<group>"; };
		6392EDD723F6757E00E7C252 /* Base */ = {isa = PBXFileReference; lastKnownFileType = file.storyboard; name = Base; path = Base.lproj/LaunchScreen.storyboard; sourceTree = "<group>"; };
		6392EDD923F6757E00E7C252 /* Info.plist */ = {isa = PBXFileReference; lastKnownFileType = text.plist.xml; path = Info.plist; sourceTree = "<group>"; };
		6392EDE023F675A900E7C252 /* SwieeftSwitchButton.swift */ = {isa = PBXFileReference; lastKnownFileType = sourcecode.swift; path = SwieeftSwitchButton.swift; sourceTree = "<group>"; };
/* End PBXFileReference section */

/* Begin PBXFrameworksBuildPhase section */
		6392EDC523F6757D00E7C252 /* Frameworks */ = {
			isa = PBXFrameworksBuildPhase;
			buildActionMask = 2147483647;
			files = (
			);
			runOnlyForDeploymentPostprocessing = 0;
		};
/* End PBXFrameworksBuildPhase section */

/* Begin PBXGroup section */
		6392EDBF23F6757D00E7C252 = {
			isa = PBXGroup;
			children = (
				6392EDCA23F6757D00E7C252 /* SwieeftSwitch */,
				6392EDC923F6757D00E7C252 /* Products */,
			);
			sourceTree = "<group>";
		};
		6392EDC923F6757D00E7C252 /* Products */ = {
			isa = PBXGroup;
			children = (
				6392EDC823F6757D00E7C252 /* SwieeftSwitch.app */,
			);
			name = Products;
			sourceTree = "<group>";
		};
		6392EDCA23F6757D00E7C252 /* SwieeftSwitch */ = {
			isa = PBXGroup;
			children = (
				6392EDCB23F6757D00E7C252 /* AppDelegate.swift */,
				6392EDCD23F6757D00E7C252 /* SceneDelegate.swift */,
				6392EDCF23F6757D00E7C252 /* ViewController.swift */,
				6392EDE023F675A900E7C252 /* SwieeftSwitchButton.swift */,
				6392EDD123F6757D00E7C252 /* Main.storyboard */,
				6392EDD423F6757E00E7C252 /* Assets.xcassets */,
				6392EDD623F6757E00E7C252 /* LaunchScreen.storyboard */,
				6392EDD923F6757E00E7C252 /* Info.plist */,
			);
			path = SwieeftSwitch;
			sourceTree = "<group>";
		};
/* End PBXGroup section */

/* Begin PBXNativeTarget section */
		6392EDC723F6757D00E7C252 /* SwieeftSwitch */ = {
			isa = PBXNativeTarget;
			buildConfigurationList = 6392EDDC23F6757E00E7C252 /* Build configuration list for PBXNativeTarget "SwieeftSwitch" */;
			buildPhases = (
				6392EDC423F6757D00E7C252 /* Sources */,
				6392EDC523F6757D00E7C252 /* Frameworks */,
				6392EDC623F6757D00E7C252 /* Resources */,
			);
			buildRules = (
			);
			dependencies = (
			);
			name = SwieeftSwitch;
			productName = SwieeftSwitch;
			productReference = 6392EDC823F6757D00E7C252 /* SwieeftSwitch.app */;
			productType = "com.apple.product-type.application";
		};
/* End PBXNativeTarget section */

/* Begin PBXProject section */
		6392EDC023F6757D00E7C252 /* Project object */ = {
			isa = PBXProject;
			attributes = {
				LastSwiftUpdateCheck = 1130;
				LastUpgradeCheck = 1130;
				ORGANIZATIONNAME = swieeft;
				TargetAttributes = {
					6392EDC723F6757D00E7C252 = {
						CreatedOnToolsVersion = 11.3;
					};
				};
			};
			buildConfigurationList = 6392EDC323F6757D00E7C252 /* Build configuration list for PBXProject "SwieeftSwitch" */;
			compatibilityVersion = "Xcode 9.3";
			developmentRegion = en;
			hasScannedForEncodings = 0;
			knownRegions = (
				en,
				Base,
			);
			mainGroup = 6392EDBF23F6757D00E7C252;
			productRefGroup = 6392EDC923F6757D00E7C252 /* Products */;
			projectDirPath = "";
			projectRoot = "";
			targets = (
				6392EDC723F6757D00E7C252 /* SwieeftSwitch */,
			);
		};
/* End PBXProject section */

/* Begin PBXResourcesBuildPhase section */
		6392EDC623F6757D00E7C252 /* Resources */ = {
			isa = PBXResourcesBuildPhase;
			buildActionMask = 2147483647;
			files = (
				6392EDD823F6757E00E7C252 /* LaunchScreen.storyboard in Resources */,
				6392EDD523F6757E00E7C252 /* Assets.xcassets in Resources */,
				6392EDD323F6757D00E7C252 /* Main.storyboard in Resources */,
			);
			runOnlyForDeploymentPostprocessing = 0;
		};
/* End PBXResourcesBuildPhase section */

/* Begin PBXSourcesBuildPhase section */
		6392EDC423F6757D00E7C252 /* Sources */ = {
			isa = PBXSourcesBuildPhase;
			buildActionMask = 2147483647;
			files = (
				6392EDD023F6757D00E7C252 /* ViewController.swift in Sources */,
				6392EDE123F675A900E7C252 /* SwieeftSwitchButton.swift in Sources */,
				6392EDCC23F6757D00E7C252 /* AppDelegate.swift in Sources */,
				6392EDCE23F6757D00E7C252 /* SceneDelegate.swift in Sources */,
			);
			runOnlyForDeploymentPostprocessing = 0;
		};
/* End PBXSourcesBuildPhase section */

/* Begin PBXVariantGroup section */
		6392EDD123F6757D00E7C252 /* Main.storyboard */ = {
			isa = PBXVariantGroup;
			children = (
				6392EDD223F6757D00E7C252 /* Base */,
			);
			name = Main.storyboard;
			sourceTree = "<group>";
		};
		6392EDD623F6757E00E7C252 /* LaunchScreen.storyboard */ = {
			isa = PBXVariantGroup;
			children = (
				6392EDD723F6757E00E7C252 /* Base */,
			);
			name = LaunchScreen.storyboard;
			sourceTree = "<group>";
		};
/* End PBXVariantGroup section */

/* Begin XCBuildConfiguration section */
		6392EDDA23F6757E00E7C252 /* Debug */ = {
			isa = XCBuildConfiguration;
			buildSettings = {
				ALWAYS_SEARCH_USER_PATHS = NO;
				CLANG_ANALYZER_NONNULL = YES;
				CLANG_ANALYZER_NUMBER_OBJECT_CONVERSION = YES_AGGRESSIVE;
				CLANG_CXX_LANGUAGE_STANDARD = "gnu++14";
				CLANG_CXX_LIBRARY = "libc++";
				CLANG_ENABLE_MODULES = YES;
				CLANG_ENABLE_OBJC_ARC = YES;
				CLANG_ENABLE_OBJC_WEAK = YES;
				CLANG_WARN_BLOCK_CAPTURE_AUTORELEASING = YES;
				CLANG_WARN_BOOL_CONVERSION = YES;
				CLANG_WARN_COMMA = YES;
				CLANG_WARN_CONSTANT_CONVERSION = YES;
				CLANG_WARN_DEPRECATED_OBJC_IMPLEMENTATIONS = YES;
				CLANG_WARN_DIRECT_OBJC_ISA_USAGE = YES_ERROR;
				CLANG_WARN_DOCUMENTATION_COMMENTS = YES;
				CLANG_WARN_EMPTY_BODY = YES;
				CLANG_WARN_ENUM_CONVERSION = YES;
				CLANG_WARN_INFINITE_RECURSION = YES;
				CLANG_WARN_INT_CONVERSION = YES;
				CLANG_WARN_NON_LITERAL_NULL_CONVERSION = YES;
				CLANG_WARN_OBJC_IMPLICIT_RETAIN_SELF = YES;
				CLANG_WARN_OBJC_LITERAL_CONVERSION = YES;
				CLANG_WARN_OBJC_ROOT_CLASS = YES_ERROR;
				CLANG_WARN_RANGE_LOOP_ANALYSIS = YES;
				CLANG_WARN_STRICT_PROTOTYPES = YES;
				CLANG_WARN_SUSPICIOUS_MOVE = YES;
				CLANG_WARN_UNGUARDED_AVAILABILITY = YES_AGGRESSIVE;
				CLANG_WARN_UNREACHABLE_CODE = YES;
				CLANG_WARN__DUPLICATE_METHOD_MATCH = YES;
				COPY_PHASE_STRIP = NO;
				DEBUG_INFORMATION_FORMAT = dwarf;
				ENABLE_STRICT_OBJC_MSGSEND = YES;
				ENABLE_TESTABILITY = YES;
				GCC_C_LANGUAGE_STANDARD = gnu11;
				GCC_DYNAMIC_NO_PIC = NO;
				GCC_NO_COMMON_BLOCKS = YES;
				GCC_OPTIMIZATION_LEVEL = 0;
				GCC_PREPROCESSOR_DEFINITIONS = (
					"DEBUG=1",
					"$(inherited)",
				);
				GCC_WARN_64_TO_32_BIT_CONVERSION = YES;
				GCC_WARN_ABOUT_RETURN_TYPE = YES_ERROR;
				GCC_WARN_UNDECLARED_SELECTOR = YES;
				GCC_WARN_UNINITIALIZED_AUTOS = YES_AGGRESSIVE;
				GCC_WARN_UNUSED_FUNCTION = YES;
				GCC_WARN_UNUSED_VARIABLE = YES;
				IPHONEOS_DEPLOYMENT_TARGET = 13.2;
				MTL_ENABLE_DEBUG_INFO = INCLUDE_SOURCE;
				MTL_FAST_MATH = YES;
				ONLY_ACTIVE_ARCH = YES;
				SDKROOT = iphoneos;
				SWIFT_ACTIVE_COMPILATION_CONDITIONS = DEBUG;
				SWIFT_OPTIMIZATION_LEVEL = "-Onone";
			};
			name = Debug;
		};
		6392EDDB23F6757E00E7C252 /* Release */ = {
			isa = XCBuildConfiguration;
			buildSettings = {
				ALWAYS_SEARCH_USER_PATHS = NO;
				CLANG_ANALYZER_NONNULL = YES;
				CLANG_ANALYZER_NUMBER_OBJECT_CONVERSION = YES_AGGRESSIVE;
				CLANG_CXX_LANGUAGE_STANDARD = "gnu++14";
				CLANG_CXX_LIBRARY = "libc++";
				CLANG_ENABLE_MODULES = YES;
				CLANG_ENABLE_OBJC_ARC = YES;
				CLANG_ENABLE_OBJC_WEAK = YES;
				CLANG_WARN_BLOCK_CAPTURE_AUTORELEASING = YES;
				CLANG_WARN_BOOL_CONVERSION = YES;
				CLANG_WARN_COMMA = YES;
				CLANG_WARN_CONSTANT_CONVERSION = YES;
				CLANG_WARN_DEPRECATED_OBJC_IMPLEMENTATIONS = YES;
				CLANG_WARN_DIRECT_OBJC_ISA_USAGE = YES_ERROR;
				CLANG_WARN_DOCUMENTATION_COMMENTS = YES;
				CLANG_WARN_EMPTY_BODY = YES;
				CLANG_WARN_ENUM_CONVERSION = YES;
				CLANG_WARN_INFINITE_RECURSION = YES;
				CLANG_WARN_INT_CONVERSION = YES;
				CLANG_WARN_NON_LITERAL_NULL_CONVERSION = YES;
				CLANG_WARN_OBJC_IMPLICIT_RETAIN_SELF = YES;
				CLANG_WARN_OBJC_LITERAL_CONVERSION = YES;
				CLANG_WARN_OBJC_ROOT_CLASS = YES_ERROR;
				CLANG_WARN_RANGE_LOOP_ANALYSIS = YES;
				CLANG_WARN_STRICT_PROTOTYPES = YES;
				CLANG_WARN_SUSPICIOUS_MOVE = YES;
				CLANG_WARN_UNGUARDED_AVAILABILITY = YES_AGGRESSIVE;
				CLANG_WARN_UNREACHABLE_CODE = YES;
				CLANG_WARN__DUPLICATE_METHOD_MATCH = YES;
				COPY_PHASE_STRIP = NO;
				DEBUG_INFORMATION_FORMAT = "dwarf-with-dsym";
				ENABLE_NS_ASSERTIONS = NO;
				ENABLE_STRICT_OBJC_MSGSEND = YES;
				GCC_C_LANGUAGE_STANDARD = gnu11;
				GCC_NO_COMMON_BLOCKS = YES;
				GCC_WARN_64_TO_32_BIT_CONVERSION = YES;
				GCC_WARN_ABOUT_RETURN_TYPE = YES_ERROR;
				GCC_WARN_UNDECLARED_SELECTOR = YES;
				GCC_WARN_UNINITIALIZED_AUTOS = YES_AGGRESSIVE;
				GCC_WARN_UNUSED_FUNCTION = YES;
				GCC_WARN_UNUSED_VARIABLE = YES;
				IPHONEOS_DEPLOYMENT_TARGET = 13.2;
				MTL_ENABLE_DEBUG_INFO = NO;
				MTL_FAST_MATH = YES;
				SDKROOT = iphoneos;
				SWIFT_COMPILATION_MODE = wholemodule;
				SWIFT_OPTIMIZATION_LEVEL = "-O";
				VALIDATE_PRODUCT = YES;
			};
			name = Release;
		};
		6392EDDD23F6757E00E7C252 /* Debug */ = {
			isa = XCBuildConfiguration;
			buildSettings = {
				ASSETCATALOG_COMPILER_APPICON_NAME = AppIcon;
				CODE_SIGN_STYLE = Automatic;
				INFOPLIST_FILE = SwieeftSwitch/Info.plist;
				LD_RUNPATH_SEARCH_PATHS = (
					"$(inherited)",
					"@executable_path/Frameworks",
				);
				PRODUCT_BUNDLE_IDENTIFIER = swieeft.SwieeftSwitch;
				PRODUCT_NAME = "$(TARGET_NAME)";
				SWIFT_VERSION = 5.0;
				TARGETED_DEVICE_FAMILY = "1,2";
			};
			name = Debug;
		};
		6392EDDE23F6757E00E7C252 /* Release */ = {
			isa = XCBuildConfiguration;
			buildSettings = {
				ASSETCATALOG_COMPILER_APPICON_NAME = AppIcon;
				CODE_SIGN_STYLE = Automatic;
				INFOPLIST_FILE = SwieeftSwitch/Info.plist;
				LD_RUNPATH_SEARCH_PATHS = (
					"$(inherited)",
					"@executable_path/Frameworks",
				);
				PRODUCT_BUNDLE_IDENTIFIER = swieeft.SwieeftSwitch;
				PRODUCT_NAME = "$(TARGET_NAME)";
				SWIFT_VERSION = 5.0;
				TARGETED_DEVICE_FAMILY = "1,2";
			};
			name = Release;
		};
/* End XCBuildConfiguration section */

/* Begin XCConfigurationList section */
		6392EDC323F6757D00E7C252 /* Build configuration list for PBXProject "SwieeftSwitch" */ = {
			isa = XCConfigurationList;
			buildConfigurations = (
				6392EDDA23F6757E00E7C252 /* Debug */,
				6392EDDB23F6757E00E7C252 /* Release */,
			);
			defaultConfigurationIsVisible = 0;
			defaultConfigurationName = Release;
		};
		6392EDDC23F6757E00E7C252 /* Build configuration list for PBXNativeTarget "SwieeftSwitch" */ = {
			isa = XCConfigurationList;
			buildConfigurations = (
				6392EDDD23F6757E00E7C252 /* Debug */,
				6392EDDE23F6757E00E7C252 /* Release */,
			);
			defaultConfigurationIsVisible = 0;
			defaultConfigurationName = Release;
		};
/* End XCConfigurationList section */
	};
	rootObject = 6392EDC023F6757D00E7C252 /* Project object */;
}
